
Microsoft Visual Studio Solution File, Format Version 12.00
# Visual Studio Version 17
VisualStudioVersion = 17.1.32421.90
MinimumVisualStudioVersion = 10.0.40219.1
Project("{FAE04EC0-301F-11D3-BF4B-00C04F79EFBC}") = "Super Duper-Library System", "Super Duper-Library System.csproj", "{56FEE917-2630-454A-9BD9-B9822E8F177C}"
EndProject
Global
	GlobalSection(SolutionConfigurationPlatforms) = preSolution
		Debug|Any CPU = Debug|Any CPU
		Release|Any CPU = Release|Any CPU
	EndGlobalSection
	GlobalSection(ProjectConfigurationPlatforms) = postSolution
		{56FEE917-2630-454A-9BD9-B9822E8F177C}.Debug|Any CPU.ActiveCfg = Debug|Any CPU
		{56FEE917-2630-454A-9BD9-B9822E8F177C}.Debug|Any CPU.Build.0 = Debug|Any CPU
		{56FEE917-2630-454A-9BD9-B9822E8F177C}.Release|Any CPU.ActiveCfg = Release|Any CPU
		{56FEE917-2630-454A-9BD9-B9822E8F177C}.Release|Any CPU.Build.0 = Release|Any CPU
	EndGlobalSection
	GlobalSection(SolutionProperties) = preSolution
		HideSolutionNode = FALSE
	EndGlobalSection
	GlobalSection(ExtensibilityGlobals) = postSolution
		SolutionGuid = {612544C5-6D06-406A-88B5-4F828EAC8FD3}
	EndGlobalSection
EndGlobal
